
Microsoft Visual Studio Solution File, Format Version 12.00
# Visual Studio Express 15 for Windows Desktop
VisualStudioVersion = 15.0.28307.572
MinimumVisualStudioVersion = 10.0.40219.1
Project("{FAE04EC0-301F-11D3-BF4B-00C04F79EFBC}") = "IndividualneZadanie4", "IndividualneZadanie4\IndividualneZadanie4.csproj", "{BB840EFC-CB83-4803-A2C5-D09068B10A7C}"
EndProject
Global
	GlobalSection(SolutionConfigurationPlatforms) = preSolution
		Debug|Any CPU = Debug|Any CPU
		Release|Any CPU = Release|Any CPU
	EndGlobalSection
	GlobalSection(ProjectConfigurationPlatforms) = postSolution
		{BB840EFC-CB83-4803-A2C5-D09068B10A7C}.Debug|Any CPU.ActiveCfg = Debug|Any CPU
		{BB840EFC-CB83-4803-A2C5-D09068B10A7C}.Debug|Any CPU.Build.0 = Debug|Any CPU
		{BB840EFC-CB83-4803-A2C5-D09068B10A7C}.Release|Any CPU.ActiveCfg = Release|Any CPU
		{BB840EFC-CB83-4803-A2C5-D09068B10A7C}.Release|Any CPU.Build.0 = Release|Any CPU
	EndGlobalSection
	GlobalSection(SolutionProperties) = preSolution
		HideSolutionNode = FALSE
	EndGlobalSection
	GlobalSection(ExtensibilityGlobals) = postSolution
		SolutionGuid = {39BBC0DA-83B4-4BA1-A5BA-CCF1CF8A006B}
	EndGlobalSection
EndGlobal
